// !$*UTF8*$!
{
	archiveVersion = 1;
	classes = {
	};
	objectVersion = 55;
	objects = {

/* Begin PBXBuildFile section */
		3733CDB32718E62B00775783 /* PEDate+CoreDataClass.swift in Sources */ = {isa = PBXBuildFile; fileRef = 3733CDAF2718E62B00775783 /* PEDate+CoreDataClass.swift */; };
		3733CDB42718E62B00775783 /* PEDate+CoreDataProperties.swift in Sources */ = {isa = PBXBuildFile; fileRef = 3733CDB02718E62B00775783 /* PEDate+CoreDataProperties.swift */; };
		3733CDB52718E62B00775783 /* Glucose+CoreDataClass.swift in Sources */ = {isa = PBXBuildFile; fileRef = 3733CDB12718E62B00775783 /* Glucose+CoreDataClass.swift */; };
		3733CDB62718E62B00775783 /* Glucose+CoreDataProperties.swift in Sources */ = {isa = PBXBuildFile; fileRef = 3733CDB22718E62B00775783 /* Glucose+CoreDataProperties.swift */; };
		3733CDB82718FE0300775783 /* GlucoseTableViewCell.swift in Sources */ = {isa = PBXBuildFile; fileRef = 3733CDB72718FE0300775783 /* GlucoseTableViewCell.swift */; };
		37DF847C2718A4A70031D895 /* ModalViewController.swift in Sources */ = {isa = PBXBuildFile; fileRef = 37DF847B2718A4A70031D895 /* ModalViewController.swift */; };
		37F5CF172710D09C0079244A /* AppDelegate.swift in Sources */ = {isa = PBXBuildFile; fileRef = 37F5CF162710D09C0079244A /* AppDelegate.swift */; };
		37F5CF192710D09C0079244A /* SceneDelegate.swift in Sources */ = {isa = PBXBuildFile; fileRef = 37F5CF182710D09C0079244A /* SceneDelegate.swift */; };
		37F5CF1B2710D09C0079244A /* ViewController.swift in Sources */ = {isa = PBXBuildFile; fileRef = 37F5CF1A2710D09C0079244A /* ViewController.swift */; };
		37F5CF1E2710D09C0079244A /* Main.storyboard in Resources */ = {isa = PBXBuildFile; fileRef = 37F5CF1C2710D09C0079244A /* Main.storyboard */; };
		37F5CF212710D09C0079244A /* CoreDataTest.xcdatamodeld in Sources */ = {isa = PBXBuildFile; fileRef = 37F5CF1F2710D09C0079244A /* CoreDataTest.xcdatamodeld */; };
		37F5CF262710D09F0079244A /* LaunchScreen.storyboard in Resources */ = {isa = PBXBuildFile; fileRef = 37F5CF242710D09F0079244A /* LaunchScreen.storyboard */; };
/* End PBXBuildFile section */

/* Begin PBXFileReference section */
		3733CDAF2718E62B00775783 /* PEDate+CoreDataClass.swift */ = {isa = PBXFileReference; lastKnownFileType = sourcecode.swift; path = "PEDate+CoreDataClass.swift"; sourceTree = "<group>"; };
		3733CDB02718E62B00775783 /* PEDate+CoreDataProperties.swift */ = {isa = PBXFileReference; lastKnownFileType = sourcecode.swift; path = "PEDate+CoreDataProperties.swift"; sourceTree = "<group>"; };
		3733CDB12718E62B00775783 /* Glucose+CoreDataClass.swift */ = {isa = PBXFileReference; lastKnownFileType = sourcecode.swift; path = "Glucose+CoreDataClass.swift"; sourceTree = "<group>"; };
		3733CDB22718E62B00775783 /* Glucose+CoreDataProperties.swift */ = {isa = PBXFileReference; lastKnownFileType = sourcecode.swift; path = "Glucose+CoreDataProperties.swift"; sourceTree = "<group>"; };
		3733CDB72718FE0300775783 /* GlucoseTableViewCell.swift */ = {isa = PBXFileReference; lastKnownFileType = sourcecode.swift; path = GlucoseTableViewCell.swift; sourceTree = "<group>"; };
		37DF847B2718A4A70031D895 /* ModalViewController.swift */ = {isa = PBXFileReference; lastKnownFileType = sourcecode.swift; path = ModalViewController.swift; sourceTree = "<group>"; };
		37F5CF132710D09C0079244A /* CoreDataTest.app */ = {isa = PBXFileReference; explicitFileType = wrapper.application; includeInIndex = 0; path = CoreDataTest.app; sourceTree = BUILT_PRODUCTS_DIR; };
		37F5CF162710D09C0079244A /* AppDelegate.swift */ = {isa = PBXFileReference; lastKnownFileType = sourcecode.swift; path = AppDelegate.swift; sourceTree = "<group>"; };
		37F5CF182710D09C0079244A /* SceneDelegate.swift */ = {isa = PBXFileReference; lastKnownFileType = sourcecode.swift; path = SceneDelegate.swift; sourceTree = "<group>"; };
		37F5CF1A2710D09C0079244A /* ViewController.swift */ = {isa = PBXFileReference; lastKnownFileType = sourcecode.swift; path = ViewController.swift; sourceTree = "<group>"; };
		37F5CF1D2710D09C0079244A /* Base */ = {isa = PBXFileReference; lastKnownFileType = file.storyboard; name = Base; path = Base.lproj/Main.storyboard; sourceTree = "<group>"; };
		37F5CF202710D09C0079244A /* CoreDataTest.xcdatamodel */ = {isa = PBXFileReference; lastKnownFileType = wrapper.xcdatamodel; path = CoreDataTest.xcdatamodel; sourceTree = "<group>"; };
		37F5CF252710D09F0079244A /* Base */ = {isa = PBXFileReference; lastKnownFileType = file.storyboard; name = Base; path = Base.lproj/LaunchScreen.storyboard; sourceTree = "<group>"; };
		37F5CF272710D09F0079244A /* Info.plist */ = {isa = PBXFileReference; lastKnownFileType = text.plist.xml; path = Info.plist; sourceTree = "<group>"; };
/* End PBXFileReference section */

/* Begin PBXFrameworksBuildPhase section */
		37F5CF102710D09C0079244A /* Frameworks */ = {
			isa = PBXFrameworksBuildPhase;
			buildActionMask = 2147483647;
			files = (
			);
			runOnlyForDeploymentPostprocessing = 0;
		};
/* End PBXFrameworksBuildPhase section */

/* Begin PBXGroup section */
		3733CDB92718FE0E00775783 /* Controllers */ = {
			isa = PBXGroup;
			children = (
				37DF847B2718A4A70031D895 /* ModalViewController.swift */,
				3733CDB72718FE0300775783 /* GlucoseTableViewCell.swift */,
				37F5CF1A2710D09C0079244A /* ViewController.swift */,
			);
			path = Controllers;
			sourceTree = "<group>";
		};
		37F5CF0A2710D09C0079244A = {
			isa = PBXGroup;
			children = (
				37F5CF152710D09C0079244A /* CoreDataTest */,
				37F5CF142710D09C0079244A /* Products */,
			);
			sourceTree = "<group>";
		};
		37F5CF142710D09C0079244A /* Products */ = {
			isa = PBXGroup;
			children = (
				37F5CF132710D09C0079244A /* CoreDataTest.app */,
			);
			name = Products;
			sourceTree = "<group>";
		};
		37F5CF152710D09C0079244A /* CoreDataTest */ = {
			isa = PBXGroup;
			children = (
				3733CDB92718FE0E00775783 /* Controllers */,
				37F5CF452710D6EB0079244A /* Models */,
				37F5CF162710D09C0079244A /* AppDelegate.swift */,
				37F5CF182710D09C0079244A /* SceneDelegate.swift */,
				37F5CF1C2710D09C0079244A /* Main.storyboard */,
				37F5CF242710D09F0079244A /* LaunchScreen.storyboard */,
				37F5CF272710D09F0079244A /* Info.plist */,
				37F5CF1F2710D09C0079244A /* CoreDataTest.xcdatamodeld */,
			);
			path = CoreDataTest;
			sourceTree = "<group>";
		};
		37F5CF452710D6EB0079244A /* Models */ = {
			isa = PBXGroup;
			children = (
				3733CDAF2718E62B00775783 /* PEDate+CoreDataClass.swift */,
				3733CDB02718E62B00775783 /* PEDate+CoreDataProperties.swift */,
				3733CDB12718E62B00775783 /* Glucose+CoreDataClass.swift */,
				3733CDB22718E62B00775783 /* Glucose+CoreDataProperties.swift */,
			);
			path = Models;
			sourceTree = "<group>";
		};
/* End PBXGroup section */

/* Begin PBXNativeTarget section */
		37F5CF122710D09C0079244A /* CoreDataTest */ = {
			isa = PBXNativeTarget;
			buildConfigurationList = 37F5CF2A2710D09F0079244A /* Build configuration list for PBXNativeTarget "CoreDataTest" */;
			buildPhases = (
				37F5CF0F2710D09C0079244A /* Sources */,
				37F5CF102710D09C0079244A /* Frameworks */,
				37F5CF112710D09C0079244A /* Resources */,
			);
			buildRules = (
			);
			dependencies = (
			);
			name = CoreDataTest;
			productName = CoreDataTest;
			productReference = 37F5CF132710D09C0079244A /* CoreDataTest.app */;
			productType = "com.apple.product-type.application";
		};
/* End PBXNativeTarget section */

/* Begin PBXProject section */
		37F5CF0B2710D09C0079244A /* Project object */ = {
			isa = PBXProject;
			attributes = {
				BuildIndependentTargetsInParallel = 1;
				LastSwiftUpdateCheck = 1300;
				LastUpgradeCheck = 1300;
				TargetAttributes = {
					37F5CF122710D09C0079244A = {
						CreatedOnToolsVersion = 13.0;
					};
				};
			};
			buildConfigurationList = 37F5CF0E2710D09C0079244A /* Build configuration list for PBXProject "CoreDataTest" */;
			compatibilityVersion = "Xcode 13.0";
			developmentRegion = en;
			hasScannedForEncodings = 0;
			knownRegions = (
				en,
				Base,
			);
			mainGroup = 37F5CF0A2710D09C0079244A;
			productRefGroup = 37F5CF142710D09C0079244A /* Products */;
			projectDirPath = "";
			projectRoot = "";
			targets = (
				37F5CF122710D09C0079244A /* CoreDataTest */,
			);
		};
/* End PBXProject section */

/* Begin PBXResourcesBuildPhase section */
		37F5CF112710D09C0079244A /* Resources */ = {
			isa = PBXResourcesBuildPhase;
			buildActionMask = 2147483647;
			files = (
				37F5CF262710D09F0079244A /* LaunchScreen.storyboard in Resources */,
				37F5CF1E2710D09C0079244A /* Main.storyboard in Resources */,
			);
			runOnlyForDeploymentPostprocessing = 0;
		};
/* End PBXResourcesBuildPhase section */

/* Begin PBXSourcesBuildPhase section */
		37F5CF0F2710D09C0079244A /* Sources */ = {
			isa = PBXSourcesBuildPhase;
			buildActionMask = 2147483647;
			files = (
				3733CDB32718E62B00775783 /* PEDate+CoreDataClass.swift in Sources */,
				3733CDB62718E62B00775783 /* Glucose+CoreDataProperties.swift in Sources */,
				37F5CF212710D09C0079244A /* CoreDataTest.xcdatamodeld in Sources */,
				37F5CF1B2710D09C0079244A /* ViewController.swift in Sources */,
				3733CDB42718E62B00775783 /* PEDate+CoreDataProperties.swift in Sources */,
				3733CDB52718E62B00775783 /* Glucose+CoreDataClass.swift in Sources */,
				3733CDB82718FE0300775783 /* GlucoseTableViewCell.swift in Sources */,
				37F5CF172710D09C0079244A /* AppDelegate.swift in Sources */,
				37DF847C2718A4A70031D895 /* ModalViewController.swift in Sources */,
				37F5CF192710D09C0079244A /* SceneDelegate.swift in Sources */,
			);
			runOnlyForDeploymentPostprocessing = 0;
		};
/* End PBXSourcesBuildPhase section */

/* Begin PBXVariantGroup section */
		37F5CF1C2710D09C0079244A /* Main.storyboard */ = {
			isa = PBXVariantGroup;
			children = (
				37F5CF1D2710D09C0079244A /* Base */,
			);
			name = Main.storyboard;
			sourceTree = "<group>";
		};
		37F5CF242710D09F0079244A /* LaunchScreen.storyboard */ = {
			isa = PBXVariantGroup;
			children = (
				37F5CF252710D09F0079244A /* Base */,
			);
			name = LaunchScreen.storyboard;
			sourceTree = "<group>";
		};
/* End PBXVariantGroup section */

/* Begin XCBuildConfiguration section */
		37F5CF282710D09F0079244A /* Debug */ = {
			isa = XCBuildConfiguration;
			buildSettings = {
				ALWAYS_SEARCH_USER_PATHS = NO;
				CLANG_ANALYZER_NONNULL = YES;
				CLANG_ANALYZER_NUMBER_OBJECT_CONVERSION = YES_AGGRESSIVE;
				CLANG_CXX_LANGUAGE_STANDARD = "gnu++17";
				CLANG_CXX_LIBRARY = "libc++";
				CLANG_ENABLE_MODULES = YES;
				CLANG_ENABLE_OBJC_ARC = YES;
				CLANG_ENABLE_OBJC_WEAK = YES;
				CLANG_WARN_BLOCK_CAPTURE_AUTORELEASING = YES;
				CLANG_WARN_BOOL_CONVERSION = YES;
				CLANG_WARN_COMMA = YES;
				CLANG_WARN_CONSTANT_CONVERSION = YES;
				CLANG_WARN_DEPRECATED_OBJC_IMPLEMENTATIONS = YES;
				CLANG_WARN_DIRECT_OBJC_ISA_USAGE = YES_ERROR;
				CLANG_WARN_DOCUMENTATION_COMMENTS = YES;
				CLANG_WARN_EMPTY_BODY = YES;
				CLANG_WARN_ENUM_CONVERSION = YES;
				CLANG_WARN_INFINITE_RECURSION = YES;
				CLANG_WARN_INT_CONVERSION = YES;
				CLANG_WARN_NON_LITERAL_NULL_CONVERSION = YES;
				CLANG_WARN_OBJC_IMPLICIT_RETAIN_SELF = YES;
				CLANG_WARN_OBJC_LITERAL_CONVERSION = YES;
				CLANG_WARN_OBJC_ROOT_CLASS = YES_ERROR;
				CLANG_WARN_QUOTED_INCLUDE_IN_FRAMEWORK_HEADER = YES;
				CLANG_WARN_RANGE_LOOP_ANALYSIS = YES;
				CLANG_WARN_STRICT_PROTOTYPES = YES;
				CLANG_WARN_SUSPICIOUS_MOVE = YES;
				CLANG_WARN_UNGUARDED_AVAILABILITY = YES_AGGRESSIVE;
				CLANG_WARN_UNREACHABLE_CODE = YES;
				CLANG_WARN__DUPLICATE_METHOD_MATCH = YES;
				COPY_PHASE_STRIP = NO;
				DEBUG_INFORMATION_FORMAT = dwarf;
				ENABLE_STRICT_OBJC_MSGSEND = YES;
				ENABLE_TESTABILITY = YES;
				GCC_C_LANGUAGE_STANDARD = gnu11;
				GCC_DYNAMIC_NO_PIC = NO;
				GCC_NO_COMMON_BLOCKS = YES;
				GCC_OPTIMIZATION_LEVEL = 0;
				GCC_PREPROCESSOR_DEFINITIONS = (
					"DEBUG=1",
					"$(inherited)",
				);
				GCC_WARN_64_TO_32_BIT_CONVERSION = YES;
				GCC_WARN_ABOUT_RETURN_TYPE = YES_ERROR;
				GCC_WARN_UNDECLARED_SELECTOR = YES;
				GCC_WARN_UNINITIALIZED_AUTOS = YES_AGGRESSIVE;
				GCC_WARN_UNUSED_FUNCTION = YES;
				GCC_WARN_UNUSED_VARIABLE = YES;
				IPHONEOS_DEPLOYMENT_TARGET = 15.0;
				MTL_ENABLE_DEBUG_INFO = INCLUDE_SOURCE;
				MTL_FAST_MATH = YES;
				ONLY_ACTIVE_ARCH = YES;
				SDKROOT = iphoneos;
				SWIFT_ACTIVE_COMPILATION_CONDITIONS = DEBUG;
				SWIFT_OPTIMIZATION_LEVEL = "-Onone";
			};
			name = Debug;
		};
		37F5CF292710D09F0079244A /* Release */ = {
			isa = XCBuildConfiguration;
			buildSettings = {
				ALWAYS_SEARCH_USER_PATHS = NO;
				CLANG_ANALYZER_NONNULL = YES;
				CLANG_ANALYZER_NUMBER_OBJECT_CONVERSION = YES_AGGRESSIVE;
				CLANG_CXX_LANGUAGE_STANDARD = "gnu++17";
				CLANG_CXX_LIBRARY = "libc++";
				CLANG_ENABLE_MODULES = YES;
				CLANG_ENABLE_OBJC_ARC = YES;
				CLANG_ENABLE_OBJC_WEAK = YES;
				CLANG_WARN_BLOCK_CAPTURE_AUTORELEASING = YES;
				CLANG_WARN_BOOL_CONVERSION = YES;
				CLANG_WARN_COMMA = YES;
				CLANG_WARN_CONSTANT_CONVERSION = YES;
				CLANG_WARN_DEPRECATED_OBJC_IMPLEMENTATIONS = YES;
				CLANG_WARN_DIRECT_OBJC_ISA_USAGE = YES_ERROR;
				CLANG_WARN_DOCUMENTATION_COMMENTS = YES;
				CLANG_WARN_EMPTY_BODY = YES;
				CLANG_WARN_ENUM_CONVERSION = YES;
				CLANG_WARN_INFINITE_RECURSION = YES;
				CLANG_WARN_INT_CONVERSION = YES;
				CLANG_WARN_NON_LITERAL_NULL_CONVERSION = YES;
				CLANG_WARN_OBJC_IMPLICIT_RETAIN_SELF = YES;
				CLANG_WARN_OBJC_LITERAL_CONVERSION = YES;
				CLANG_WARN_OBJC_ROOT_CLASS = YES_ERROR;
				CLANG_WARN_QUOTED_INCLUDE_IN_FRAMEWORK_HEADER = YES;
				CLANG_WARN_RANGE_LOOP_ANALYSIS = YES;
				CLANG_WARN_STRICT_PROTOTYPES = YES;
				CLANG_WARN_SUSPICIOUS_MOVE = YES;
				CLANG_WARN_UNGUARDED_AVAILABILITY = YES_AGGRESSIVE;
				CLANG_WARN_UNREACHABLE_CODE = YES;
				CLANG_WARN__DUPLICATE_METHOD_MATCH = YES;
				COPY_PHASE_STRIP = NO;
				DEBUG_INFORMATION_FORMAT = "dwarf-with-dsym";
				ENABLE_NS_ASSERTIONS = NO;
				ENABLE_STRICT_OBJC_MSGSEND = YES;
				GCC_C_LANGUAGE_STANDARD = gnu11;
				GCC_NO_COMMON_BLOCKS = YES;
				GCC_WARN_64_TO_32_BIT_CONVERSION = YES;
				GCC_WARN_ABOUT_RETURN_TYPE = YES_ERROR;
				GCC_WARN_UNDECLARED_SELECTOR = YES;
				GCC_WARN_UNINITIALIZED_AUTOS = YES_AGGRESSIVE;
				GCC_WARN_UNUSED_FUNCTION = YES;
				GCC_WARN_UNUSED_VARIABLE = YES;
				IPHONEOS_DEPLOYMENT_TARGET = 15.0;
				MTL_ENABLE_DEBUG_INFO = NO;
				MTL_FAST_MATH = YES;
				SDKROOT = iphoneos;
				SWIFT_COMPILATION_MODE = wholemodule;
				SWIFT_OPTIMIZATION_LEVEL = "-O";
				VALIDATE_PRODUCT = YES;
			};
			name = Release;
		};
		37F5CF2B2710D09F0079244A /* Debug */ = {
			isa = XCBuildConfiguration;
			buildSettings = {
				ASSETCATALOG_COMPILER_APPICON_NAME = AppIcon;
				ASSETCATALOG_COMPILER_GLOBAL_ACCENT_COLOR_NAME = AccentColor;
				CODE_SIGN_STYLE = Automatic;
				CURRENT_PROJECT_VERSION = 1;
				DEVELOPMENT_TEAM = L6B3W3NNQ3;
				GENERATE_INFOPLIST_FILE = YES;
				INFOPLIST_FILE = CoreDataTest/Info.plist;
				INFOPLIST_KEY_UIApplicationSupportsIndirectInputEvents = YES;
				INFOPLIST_KEY_UILaunchStoryboardName = LaunchScreen;
				INFOPLIST_KEY_UIMainStoryboardFile = Main;
				INFOPLIST_KEY_UISupportedInterfaceOrientations = UIInterfaceOrientationPortrait;
				INFOPLIST_KEY_UISupportedInterfaceOrientations_iPad = "UIInterfaceOrientationPortrait UIInterfaceOrientationPortraitUpsideDown UIInterfaceOrientationLandscapeLeft UIInterfaceOrientationLandscapeRight";
				INFOPLIST_KEY_UISupportedInterfaceOrientations_iPhone = "UIInterfaceOrientationPortrait UIInterfaceOrientationLandscapeLeft UIInterfaceOrientationLandscapeRight";
				LD_RUNPATH_SEARCH_PATHS = (
					"$(inherited)",
					"@executable_path/Frameworks",
				);
				MARKETING_VERSION = 1.0;
				PRODUCT_BUNDLE_IDENTIFIER = com.pedroesli.CoreDataTest;
				PRODUCT_NAME = "$(TARGET_NAME)";
				SWIFT_EMIT_LOC_STRINGS = YES;
				SWIFT_VERSION = 5.0;
				TARGETED_DEVICE_FAMILY = "1,2";
			};
			name = Debug;
		};
		37F5CF2C2710D09F0079244A /* Release */ = {
			isa = XCBuildConfiguration;
			buildSettings = {
				ASSETCATALOG_COMPILER_APPICON_NAME = AppIcon;
				ASSETCATALOG_COMPILER_GLOBAL_ACCENT_COLOR_NAME = AccentColor;
				CODE_SIGN_STYLE = Automatic;
				CURRENT_PROJECT_VERSION = 1;
				DEVELOPMENT_TEAM = L6B3W3NNQ3;
				GENERATE_INFOPLIST_FILE = YES;
				INFOPLIST_FILE = CoreDataTest/Info.plist;
				INFOPLIST_KEY_UIApplicationSupportsIndirectInputEvents = YES;
				INFOPLIST_KEY_UILaunchStoryboardName = LaunchScreen;
				INFOPLIST_KEY_UIMainStoryboardFile = Main;
				INFOPLIST_KEY_UISupportedInterfaceOrientations = UIInterfaceOrientationPortrait;
				INFOPLIST_KEY_UISupportedInterfaceOrientations_iPad = "UIInterfaceOrientationPortrait UIInterfaceOrientationPortraitUpsideDown UIInterfaceOrientationLandscapeLeft UIInterfaceOrientationLandscapeRight";
				INFOPLIST_KEY_UISupportedInterfaceOrientations_iPhone = "UIInterfaceOrientationPortrait UIInterfaceOrientationLandscapeLeft UIInterfaceOrientationLandscapeRight";
				LD_RUNPATH_SEARCH_PATHS = (
					"$(inherited)",
					"@executable_path/Frameworks",
				);
				MARKETING_VERSION = 1.0;
				PRODUCT_BUNDLE_IDENTIFIER = com.pedroesli.CoreDataTest;
				PRODUCT_NAME = "$(TARGET_NAME)";
				SWIFT_EMIT_LOC_STRINGS = YES;
				SWIFT_VERSION = 5.0;
				TARGETED_DEVICE_FAMILY = "1,2";
			};
			name = Release;
		};
/* End XCBuildConfiguration section */

/* Begin XCConfigurationList section */
		37F5CF0E2710D09C0079244A /* Build configuration list for PBXProject "CoreDataTest" */ = {
			isa = XCConfigurationList;
			buildConfigurations = (
				37F5CF282710D09F0079244A /* Debug */,
				37F5CF292710D09F0079244A /* Release */,
			);
			defaultConfigurationIsVisible = 0;
			defaultConfigurationName = Release;
		};
		37F5CF2A2710D09F0079244A /* Build configuration list for PBXNativeTarget "CoreDataTest" */ = {
			isa = XCConfigurationList;
			buildConfigurations = (
				37F5CF2B2710D09F0079244A /* Debug */,
				37F5CF2C2710D09F0079244A /* Release */,
			);
			defaultConfigurationIsVisible = 0;
			defaultConfigurationName = Release;
		};
/* End XCConfigurationList section */

/* Begin XCVersionGroup section */
		37F5CF1F2710D09C0079244A /* CoreDataTest.xcdatamodeld */ = {
			isa = XCVersionGroup;
			children = (
				37F5CF202710D09C0079244A /* CoreDataTest.xcdatamodel */,
			);
			currentVersion = 37F5CF202710D09C0079244A /* CoreDataTest.xcdatamodel */;
			path = CoreDataTest.xcdatamodeld;
			sourceTree = "<group>";
			versionGroupType = wrapper.xcdatamodel;
		};
/* End XCVersionGroup section */
	};
	rootObject = 37F5CF0B2710D09C0079244A /* Project object */;
}
